
Microsoft Visual Studio Solution File, Format Version 11.00
# Visual Studio 2010 Express for Windows Phone
Project("{FAE04EC0-301F-11D3-BF4B-00C04F79EFBC}") = "Ejercicio7", "Ejercicio7\Ejercicio7.csproj", "{9BF76516-D9E7-4DF6-998C-CAB9B7D5AAAB}"
EndProject
Global
	GlobalSection(SolutionConfigurationPlatforms) = preSolution
		Debug|Any CPU = Debug|Any CPU
		Release|Any CPU = Release|Any CPU
	EndGlobalSection
	GlobalSection(ProjectConfigurationPlatforms) = postSolution
		{9BF76516-D9E7-4DF6-998C-CAB9B7D5AAAB}.Debug|Any CPU.ActiveCfg = Debug|Any CPU
		{9BF76516-D9E7-4DF6-998C-CAB9B7D5AAAB}.Debug|Any CPU.Build.0 = Debug|Any CPU
		{9BF76516-D9E7-4DF6-998C-CAB9B7D5AAAB}.Debug|Any CPU.Deploy.0 = Debug|Any CPU
		{9BF76516-D9E7-4DF6-998C-CAB9B7D5AAAB}.Release|Any CPU.ActiveCfg = Release|Any CPU
		{9BF76516-D9E7-4DF6-998C-CAB9B7D5AAAB}.Release|Any CPU.Build.0 = Release|Any CPU
		{9BF76516-D9E7-4DF6-998C-CAB9B7D5AAAB}.Release|Any CPU.Deploy.0 = Release|Any CPU
	EndGlobalSection
	GlobalSection(SolutionProperties) = preSolution
		HideSolutionNode = FALSE
	EndGlobalSection
EndGlobal
