
Microsoft Visual Studio Solution File, Format Version 11.00
# Visual Studio 2010 Express for Windows Phone
Project("{FAE04EC0-301F-11D3-BF4B-00C04F79EFBC}") = "Ejercicio8", "Ejercicio8\Ejercicio8.csproj", "{15507A43-E3D2-4C5E-9C0D-5DF31262F2ED}"
EndProject
Global
	GlobalSection(SolutionConfigurationPlatforms) = preSolution
		Debug|Any CPU = Debug|Any CPU
		Release|Any CPU = Release|Any CPU
	EndGlobalSection
	GlobalSection(ProjectConfigurationPlatforms) = postSolution
		{15507A43-E3D2-4C5E-9C0D-5DF31262F2ED}.Debug|Any CPU.ActiveCfg = Debug|Any CPU
		{15507A43-E3D2-4C5E-9C0D-5DF31262F2ED}.Debug|Any CPU.Build.0 = Debug|Any CPU
		{15507A43-E3D2-4C5E-9C0D-5DF31262F2ED}.Debug|Any CPU.Deploy.0 = Debug|Any CPU
		{15507A43-E3D2-4C5E-9C0D-5DF31262F2ED}.Release|Any CPU.ActiveCfg = Release|Any CPU
		{15507A43-E3D2-4C5E-9C0D-5DF31262F2ED}.Release|Any CPU.Build.0 = Release|Any CPU
		{15507A43-E3D2-4C5E-9C0D-5DF31262F2ED}.Release|Any CPU.Deploy.0 = Release|Any CPU
	EndGlobalSection
	GlobalSection(SolutionProperties) = preSolution
		HideSolutionNode = FALSE
	EndGlobalSection
EndGlobal
