
Microsoft Visual Studio Solution File, Format Version 11.00
# Visual Studio 2010 Express for Windows Phone
Project("{FAE04EC0-301F-11D3-BF4B-00C04F79EFBC}") = "Ejercicio1", "Ejercicio1\Ejercicio1.csproj", "{0DE0C042-0ECB-4F26-9DCF-BA16C836479A}"
EndProject
Global
	GlobalSection(SolutionConfigurationPlatforms) = preSolution
		Debug|Any CPU = Debug|Any CPU
		Release|Any CPU = Release|Any CPU
	EndGlobalSection
	GlobalSection(ProjectConfigurationPlatforms) = postSolution
		{0DE0C042-0ECB-4F26-9DCF-BA16C836479A}.Debug|Any CPU.ActiveCfg = Debug|Any CPU
		{0DE0C042-0ECB-4F26-9DCF-BA16C836479A}.Debug|Any CPU.Build.0 = Debug|Any CPU
		{0DE0C042-0ECB-4F26-9DCF-BA16C836479A}.Debug|Any CPU.Deploy.0 = Debug|Any CPU
		{0DE0C042-0ECB-4F26-9DCF-BA16C836479A}.Release|Any CPU.ActiveCfg = Release|Any CPU
		{0DE0C042-0ECB-4F26-9DCF-BA16C836479A}.Release|Any CPU.Build.0 = Release|Any CPU
		{0DE0C042-0ECB-4F26-9DCF-BA16C836479A}.Release|Any CPU.Deploy.0 = Release|Any CPU
	EndGlobalSection
	GlobalSection(SolutionProperties) = preSolution
		HideSolutionNode = FALSE
	EndGlobalSection
EndGlobal
